
Microsoft Visual Studio Solution File, Format Version 12.00
# Visual Studio Version 16
VisualStudioVersion = 16.0.30621.155
MinimumVisualStudioVersion = 10.0.40219.1
Project("{FAE04EC0-301F-11D3-BF4B-00C04F79EFBC}") = "Tetris", "Tetris.csproj", "{522C0914-58BC-4B96-9CB2-4A7FF8EE883F}"
EndProject
Global
	GlobalSection(SolutionConfigurationPlatforms) = preSolution
		Debug|Any CPU = Debug|Any CPU
		Release|Any CPU = Release|Any CPU
	EndGlobalSection
	GlobalSection(ProjectConfigurationPlatforms) = postSolution
		{522C0914-58BC-4B96-9CB2-4A7FF8EE883F}.Debug|Any CPU.ActiveCfg = Debug|Any CPU
		{522C0914-58BC-4B96-9CB2-4A7FF8EE883F}.Debug|Any CPU.Build.0 = Debug|Any CPU
		{522C0914-58BC-4B96-9CB2-4A7FF8EE883F}.Release|Any CPU.ActiveCfg = Release|Any CPU
		{522C0914-58BC-4B96-9CB2-4A7FF8EE883F}.Release|Any CPU.Build.0 = Release|Any CPU
	EndGlobalSection
	GlobalSection(SolutionProperties) = preSolution
		HideSolutionNode = FALSE
	EndGlobalSection
	GlobalSection(ExtensibilityGlobals) = postSolution
		SolutionGuid = {B29777BD-6CB4-4C58-B074-84902DB64EC1}
	EndGlobalSection
EndGlobal
